
Microsoft Visual Studio Solution File, Format Version 12.00
# Visual Studio Version 17
VisualStudioVersion = 17.0.31919.166
MinimumVisualStudioVersion = 10.0.40219.1
Project("{FAE04EC0-301F-11D3-BF4B-00C04F79EFBC}") = "WpfTutorial", "WpfTutorial\WpfTutorial.csproj", "{E1B355B4-BFC3-4FE1-9092-5536257D7324}"
EndProject
Global
	GlobalSection(SolutionConfigurationPlatforms) = preSolution
		Debug|Any CPU = Debug|Any CPU
		Release|Any CPU = Release|Any CPU
	EndGlobalSection
	GlobalSection(ProjectConfigurationPlatforms) = postSolution
		{E1B355B4-BFC3-4FE1-9092-5536257D7324}.Debug|Any CPU.ActiveCfg = Debug|Any CPU
		{E1B355B4-BFC3-4FE1-9092-5536257D7324}.Debug|Any CPU.Build.0 = Debug|Any CPU
		{E1B355B4-BFC3-4FE1-9092-5536257D7324}.Release|Any CPU.ActiveCfg = Release|Any CPU
		{E1B355B4-BFC3-4FE1-9092-5536257D7324}.Release|Any CPU.Build.0 = Release|Any CPU
	EndGlobalSection
	GlobalSection(SolutionProperties) = preSolution
		HideSolutionNode = FALSE
	EndGlobalSection
	GlobalSection(ExtensibilityGlobals) = postSolution
		SolutionGuid = {8DB27E18-8DE8-4493-A523-8A85AA2620EC}
	EndGlobalSection
EndGlobal
